
Microsoft Visual Studio Solution File, Format Version 12.00
# Visual Studio Version 17
VisualStudioVersion = 17.6.33815.320
MinimumVisualStudioVersion = 10.0.40219.1
Project("{FAE04EC0-301F-11D3-BF4B-00C04F79EFBC}") = "Laboratorio02", "Laboratorio02.csproj", "{803C2D86-84FA-41D3-9ADC-808D15E56C6F}"
EndProject
Global
	GlobalSection(SolutionConfigurationPlatforms) = preSolution
		Debug|Any CPU = Debug|Any CPU
		Release|Any CPU = Release|Any CPU
	EndGlobalSection
	GlobalSection(ProjectConfigurationPlatforms) = postSolution
		{803C2D86-84FA-41D3-9ADC-808D15E56C6F}.Debug|Any CPU.ActiveCfg = Debug|Any CPU
		{803C2D86-84FA-41D3-9ADC-808D15E56C6F}.Debug|Any CPU.Build.0 = Debug|Any CPU
		{803C2D86-84FA-41D3-9ADC-808D15E56C6F}.Release|Any CPU.ActiveCfg = Release|Any CPU
		{803C2D86-84FA-41D3-9ADC-808D15E56C6F}.Release|Any CPU.Build.0 = Release|Any CPU
	EndGlobalSection
	GlobalSection(SolutionProperties) = preSolution
		HideSolutionNode = FALSE
	EndGlobalSection
	GlobalSection(ExtensibilityGlobals) = postSolution
		SolutionGuid = {3B25D402-C190-4969-8FC4-987AA8F1A93A}
	EndGlobalSection
EndGlobal
